Microsoft Visual Studio Solution File, Format Version 12.00
# Visual Studio Version 17
VisualStudioVersion = 17.5.2.0
MinimumVisualStudioVersion = 10.0.40219.1
Project("{FAE04EC0-301F-11D3-BF4B-00C04F79EFBC}") = "CatchTheFoodGame", "CatchTheFoodGame\CatchTheFoodGame.csproj", "{479D4407-63A7-D2A1-DFF0-9F8AB71874F5}"
EndProject
Project("{FAE04EC0-301F-11D3-BF4B-00C04F79EFBC}") = "ContosoPets", "ContosoPets\ContosoPets.csproj", "{5F906E2B-4C6C-8748-8FFA-CB998223782D}"
EndProject
Project("{FAE04EC0-301F-11D3-BF4B-00C04F79EFBC}") = "LoopExamples", "LoopExamples\LoopExamples.csproj", "{9BF4B44F-EB28-D2A0-09A4-AA68CA182547}"
EndProject
Project("{FAE04EC0-301F-11D3-BF4B-00C04F79EFBC}") = "StudentExams", "StudentExams\StudentExams.csproj", "{D0F1C654-5B81-B310-F5AF-08A60185757D}"
EndProject
Project("{FAE04EC0-301F-11D3-BF4B-00C04F79EFBC}") = "testproject", "testproject\testproject.csproj", "{C393C39E-434B-21C1-6C56-7AC4E694B8B1}"
EndProject
Global
	GlobalSection(SolutionConfigurationPlatforms) = preSolution
		Debug|Any CPU = Debug|Any CPU
		Release|Any CPU = Release|Any CPU
	EndGlobalSection
	GlobalSection(ProjectConfigurationPlatforms) = postSolution
		{479D4407-63A7-D2A1-DFF0-9F8AB71874F5}.Debug|Any CPU.ActiveCfg = Debug|Any CPU
		{479D4407-63A7-D2A1-DFF0-9F8AB71874F5}.Debug|Any CPU.Build.0 = Debug|Any CPU
		{479D4407-63A7-D2A1-DFF0-9F8AB71874F5}.Release|Any CPU.ActiveCfg = Release|Any CPU
		{479D4407-63A7-D2A1-DFF0-9F8AB71874F5}.Release|Any CPU.Build.0 = Release|Any CPU
		{5F906E2B-4C6C-8748-8FFA-CB998223782D}.Debug|Any CPU.ActiveCfg = Debug|Any CPU
		{5F906E2B-4C6C-8748-8FFA-CB998223782D}.Debug|Any CPU.Build.0 = Debug|Any CPU
		{5F906E2B-4C6C-8748-8FFA-CB998223782D}.Release|Any CPU.ActiveCfg = Release|Any CPU
		{5F906E2B-4C6C-8748-8FFA-CB998223782D}.Release|Any CPU.Build.0 = Release|Any CPU
		{9BF4B44F-EB28-D2A0-09A4-AA68CA182547}.Debug|Any CPU.ActiveCfg = Debug|Any CPU
		{9BF4B44F-EB28-D2A0-09A4-AA68CA182547}.Debug|Any CPU.Build.0 = Debug|Any CPU
		{9BF4B44F-EB28-D2A0-09A4-AA68CA182547}.Release|Any CPU.ActiveCfg = Release|Any CPU
		{9BF4B44F-EB28-D2A0-09A4-AA68CA182547}.Release|Any CPU.Build.0 = Release|Any CPU
		{D0F1C654-5B81-B310-F5AF-08A60185757D}.Debug|Any CPU.ActiveCfg = Debug|Any CPU
		{D0F1C654-5B81-B310-F5AF-08A60185757D}.Debug|Any CPU.Build.0 = Debug|Any CPU
		{D0F1C654-5B81-B310-F5AF-08A60185757D}.Release|Any CPU.ActiveCfg = Release|Any CPU
		{D0F1C654-5B81-B310-F5AF-08A60185757D}.Release|Any CPU.Build.0 = Release|Any CPU
		{C393C39E-434B-21C1-6C56-7AC4E694B8B1}.Debug|Any CPU.ActiveCfg = Debug|Any CPU
		{C393C39E-434B-21C1-6C56-7AC4E694B8B1}.Debug|Any CPU.Build.0 = Debug|Any CPU
		{C393C39E-434B-21C1-6C56-7AC4E694B8B1}.Release|Any CPU.ActiveCfg = Release|Any CPU
		{C393C39E-434B-21C1-6C56-7AC4E694B8B1}.Release|Any CPU.Build.0 = Release|Any CPU
	EndGlobalSection
	GlobalSection(SolutionProperties) = preSolution
		HideSolutionNode = FALSE
	EndGlobalSection
	GlobalSection(ExtensibilityGlobals) = postSolution
		SolutionGuid = {1B30FE4C-8106-44FC-A9A9-9AFBFBC60CBA}
	EndGlobalSection
EndGlobal
